version: 5
environments:
  default:
    channels:
    - url: https://conda.anaconda.org/conda-forge/
    indexes:
    - https://pypi.org/simple
    packages:
      linux-64:
      - conda: https://conda.anaconda.org/conda-forge/linux-64/_libgcc_mutex-0.1-conda_forge.tar.bz2
      - conda: https://conda.anaconda.org/conda-forge/linux-64/_openmp_mutex-4.5-2_gnu.tar.bz2
      - conda: https://conda.anaconda.org/conda-forge/noarch/aiohappyeyeballs-2.4.3-pyhd8ed1ab_0.conda
      - conda: https://conda.anaconda.org/conda-forge/linux-64/aiohttp-3.11.7-py313h8060acc_0.conda
      - conda: https://conda.anaconda.org/conda-forge/noarch/aiosignal-1.3.1-pyhd8ed1ab_0.tar.bz2
      - conda: https://conda.anaconda.org/conda-forge/noarch/antlr-python-runtime-4.9.3-pyhd8ed1ab_1.tar.bz2
      - conda: https://conda.anaconda.org/conda-forge/noarch/attrs-24.2.0-pyh71513ae_0.conda
      - conda: https://conda.anaconda.org/conda-forge/linux-64/bzip2-1.0.8-h4bc722e_7.conda
      - conda: https://conda.anaconda.org/conda-forge/linux-64/ca-certificates-2024.8.30-hbcca054_0.conda
      - conda: https://conda.anaconda.org/conda-forge/noarch/einops-0.8.0-pyhd8ed1ab_0.conda
      - conda: https://conda.anaconda.org/conda-forge/linux-64/frozenlist-1.5.0-py313h536fd9c_0.conda
      - conda: https://conda.anaconda.org/conda-forge/noarch/idna-3.10-pyhd8ed1ab_0.conda
      - conda: https://conda.anaconda.org/conda-forge/noarch/jaxtyping-0.2.36-pyhd8ed1ab_0.conda
      - conda: https://conda.anaconda.org/conda-forge/linux-64/keyutils-1.6.1-h166bdaf_0.tar.bz2
      - conda: https://conda.anaconda.org/conda-forge/linux-64/krb5-1.21.3-h659f571_0.conda
      - conda: https://conda.anaconda.org/conda-forge/linux-64/ld_impl_linux-64-2.43-h712a8e2_2.conda
      - conda: https://conda.anaconda.org/conda-forge/linux-64/libblas-3.9.0-25_linux64_openblas.conda
      - conda: https://conda.anaconda.org/conda-forge/linux-64/libcblas-3.9.0-25_linux64_openblas.conda
      - conda: https://conda.anaconda.org/conda-forge/linux-64/libedit-3.1.20191231-he28a2e2_2.tar.bz2
      - conda: https://conda.anaconda.org/conda-forge/linux-64/libexpat-2.6.4-h5888daf_0.conda
      - conda: https://conda.anaconda.org/conda-forge/linux-64/libffi-3.4.2-h7f98852_5.tar.bz2
      - conda: https://conda.anaconda.org/conda-forge/linux-64/libgcc-14.2.0-h77fa898_1.conda
      - conda: https://conda.anaconda.org/conda-forge/linux-64/libgcc-ng-14.2.0-h69a702a_1.conda
      - conda: https://conda.anaconda.org/conda-forge/linux-64/libgfortran-14.2.0-h69a702a_1.conda
      - conda: https://conda.anaconda.org/conda-forge/linux-64/libgfortran5-14.2.0-hd5240d6_1.conda
      - conda: https://conda.anaconda.org/conda-forge/linux-64/libgomp-14.2.0-h77fa898_1.conda
      - conda: https://conda.anaconda.org/conda-forge/linux-64/liblapack-3.9.0-25_linux64_openblas.conda
      - conda: https://conda.anaconda.org/conda-forge/linux-64/libmpdec-4.0.0-h4bc722e_0.conda
      - conda: https://conda.anaconda.org/conda-forge/linux-64/libopenblas-0.3.28-pthreads_h94d23a6_1.conda
      - conda: https://conda.anaconda.org/conda-forge/linux-64/libsodium-1.0.20-h4ab18f5_0.conda
      - conda: https://conda.anaconda.org/conda-forge/linux-64/libsqlite-3.47.0-hadc24fc_1.conda
      - conda: https://conda.anaconda.org/conda-forge/linux-64/libstdcxx-14.2.0-hc0a3c3a_1.conda
      - conda: https://conda.anaconda.org/conda-forge/linux-64/libstdcxx-ng-14.2.0-h4852527_1.conda
      - conda: https://conda.anaconda.org/conda-forge/linux-64/libuuid-2.38.1-h0b41bf4_0.conda
      - conda: https://conda.anaconda.org/conda-forge/linux-64/libzlib-1.3.1-hb9d3cd8_2.conda
      - conda: https://conda.anaconda.org/conda-forge/linux-64/multidict-6.1.0-py313h8060acc_1.conda
      - conda: https://conda.anaconda.org/conda-forge/linux-64/ncurses-6.5-he02047a_1.conda
      - conda: https://conda.anaconda.org/conda-forge/linux-64/numpy-2.1.3-py313h4bf6692_0.conda
      - conda: https://conda.anaconda.org/conda-forge/noarch/omegaconf-2.3.0-pyhd8ed1ab_0.conda
      - conda: https://conda.anaconda.org/conda-forge/linux-64/openssl-3.4.0-hb9d3cd8_0.conda
      - conda: https://conda.anaconda.org/conda-forge/linux-64/propcache-0.2.0-py313h536fd9c_2.conda
      - conda: https://conda.anaconda.org/conda-forge/noarch/pymodbus-3.7.4-pyh5041855_0.conda
      - conda: https://conda.anaconda.org/conda-forge/noarch/pyserial-3.5-pyhd8ed1ab_0.tar.bz2
      - conda: https://conda.anaconda.org/conda-forge/linux-64/python-3.13.0-h9ebbce0_100_cp313.conda
      - conda: https://conda.anaconda.org/conda-forge/linux-64/python_abi-3.13-5_cp313.conda
      - conda: https://conda.anaconda.org/conda-forge/linux-64/pyyaml-6.0.2-py313h536fd9c_1.conda
      - conda: https://conda.anaconda.org/conda-forge/linux-64/pyzmq-26.2.0-py313h8e95178_3.conda
      - conda: https://conda.anaconda.org/conda-forge/linux-64/readline-8.2-h8228510_1.conda
      - conda: https://conda.anaconda.org/conda-forge/linux-64/tk-8.6.13-noxft_h4845f30_101.conda
      - conda: https://conda.anaconda.org/conda-forge/noarch/typeguard-2.13.3-pyhd8ed1ab_0.tar.bz2
      - conda: https://conda.anaconda.org/conda-forge/noarch/typing_extensions-4.12.2-pyha770c72_0.conda
      - conda: https://conda.anaconda.org/conda-forge/noarch/tzdata-2024b-hc8b5060_0.conda
      - conda: https://conda.anaconda.org/conda-forge/linux-64/xz-5.2.6-h166bdaf_0.tar.bz2
      - conda: https://conda.anaconda.org/conda-forge/linux-64/yaml-0.2.5-h7f98852_2.tar.bz2
      - conda: https://conda.anaconda.org/conda-forge/linux-64/yarl-1.18.0-py313h536fd9c_0.conda
      - conda: https://conda.anaconda.org/conda-forge/linux-64/zeromq-4.3.5-h3b0a872_7.conda
      - pypi: https://files.pythonhosted.org/packages/3f/a4/d2537f47fd7fcfba966bd806e3ec18e7ee1681056d4b0a9c8d983983e4d5/opencv_python-4.10.0.84-cp37-abi3-manylinux_2_17_x86_64.manylinux2014_x86_64.whl
      - pypi: https://files.pythonhosted.org/packages/24/c7/e0c7742fe7d85cde25555e316e6eb4154ce6cdb0a036526e6a85c41ee06e/ur_rtde-1.5.9.tar.gz
      - pypi: .
packages:
- kind: conda
  name: _libgcc_mutex
  version: '0.1'
  build: conda_forge
  subdir: linux-64
  url: https://conda.anaconda.org/conda-forge/linux-64/_libgcc_mutex-0.1-conda_forge.tar.bz2
  sha256: fe51de6107f9edc7aa4f786a70f4a883943bc9d39b3bb7307c04c41410990726
  md5: d7c89558ba9fa0495403155b64376d81
  license: None
  purls: []
  size: 2562
  timestamp: 1578324546067
- kind: conda
  name: _openmp_mutex
  version: '4.5'
  build: 2_gnu
  build_number: 16
  subdir: linux-64
  url: https://conda.anaconda.org/conda-forge/linux-64/_openmp_mutex-4.5-2_gnu.tar.bz2
  sha256: fbe2c5e56a653bebb982eda4876a9178aedfc2b545f25d0ce9c4c0b508253d22
  md5: 73aaf86a425cc6e73fcf236a5a46396d
  depends:
  - _libgcc_mutex 0.1 conda_forge
  - libgomp >=7.5.0
  constrains:
  - openmp_impl 9999
  license: BSD-3-Clause
  license_family: BSD
  purls: []
  size: 23621
  timestamp: 1650670423406
- kind: conda
  name: aiohappyeyeballs
  version: 2.4.3
  build: pyhd8ed1ab_0
  subdir: noarch
  noarch: python
  url: https://conda.anaconda.org/conda-forge/noarch/aiohappyeyeballs-2.4.3-pyhd8ed1ab_0.conda
  sha256: cfa5bed6ad8d00c2bc2c6ccf115e91ef1a9981b73c68537b247f1a964a841cac
  md5: ec763b0a58960558ca0ad7255a51a237
  depends:
  - python >=3.8.0
  license: PSF-2.0
  license_family: PSF
  purls:
  - pkg:pypi/aiohappyeyeballs?source=hash-mapping
  size: 19271
  timestamp: 1727779893392
- kind: conda
  name: aiohttp
  version: 3.11.7
  build: py313h8060acc_0
  subdir: linux-64
  url: https://conda.anaconda.org/conda-forge/linux-64/aiohttp-3.11.7-py313h8060acc_0.conda
  sha256: dccc36bc663f38189a94b642f44c872d56d4aaf825e7744970d0e04de9754d9a
  md5: 64dce85fe825f335bf08dde59367edef
  depends:
  - __glibc >=2.17,<3.0.a0
  - aiohappyeyeballs >=2.3.0
  - aiosignal >=1.1.2
  - attrs >=17.3.0
  - frozenlist >=1.1.1
  - libgcc >=13
  - multidict >=4.5,<7.0
  - propcache >=0.2.0
  - python >=3.13,<3.14.0a0
  - python_abi 3.13.* *_cp313
  - yarl >=1.17.0,<2.0
  license: MIT AND Apache-2.0
  license_family: Apache
  purls:
  - pkg:pypi/aiohttp?source=hash-mapping
  size: 914860
  timestamp: 1732220408127
- kind: conda
  name: aiosignal
  version: 1.3.1
  build: pyhd8ed1ab_0
  subdir: noarch
  noarch: python
  url: https://conda.anaconda.org/conda-forge/noarch/aiosignal-1.3.1-pyhd8ed1ab_0.tar.bz2
  sha256: 575c742e14c86575986dc867463582a970463da50b77264cdf54df74f5563783
  md5: d1e1eb7e21a9e2c74279d87dafb68156
  depends:
  - frozenlist >=1.1.0
  - python >=3.7
  license: Apache-2.0
  license_family: APACHE
  purls:
  - pkg:pypi/aiosignal?source=hash-mapping
  size: 12730
  timestamp: 1667935912504
- kind: pypi
  name: amiga
  version: 0.0.1
  path: .
  sha256: dbfe21942165e64c215c4da1202c5d61b8b8511595b3fe01c87cbac23c7c1587
  requires_dist:
  - ur-rtde>=1.5.9,<2
  - opencv-python>=4.10.0.84,<5
  requires_python: '>=3.10'
  editable: true
- kind: conda
  name: antlr-python-runtime
  version: 4.9.3
  build: pyhd8ed1ab_1
  build_number: 1
  subdir: noarch
  noarch: python
  url: https://conda.anaconda.org/conda-forge/noarch/antlr-python-runtime-4.9.3-pyhd8ed1ab_1.tar.bz2
  sha256: b91f8ab4ac2b48972fbee1fc8e092cc452fdf59156e4ff2322c94bbf73650f94
  md5: c88eaec8de9ae1fa161205aa18e7a5b1
  depends:
  - python >=3.6
  license: BSD-3-Clause
  license_family: BSD
  purls:
  - pkg:pypi/antlr4-python3-runtime?source=hash-mapping
  size: 101065
  timestamp: 1638309284042
- kind: conda
  name: attrs
  version: 24.2.0
  build: pyh71513ae_0
  subdir: noarch
  noarch: python
  url: https://conda.anaconda.org/conda-forge/noarch/attrs-24.2.0-pyh71513ae_0.conda
  sha256: 28dba85a7e0f7fb57d7315e13f603d1e41b83c5b88aa2a602596b52c833a2ff8
  md5: 6732fa52eb8e66e5afeb32db8701a791
  depends:
  - python >=3.7
  license: MIT
  license_family: MIT
  purls:
  - pkg:pypi/attrs?source=hash-mapping
  size: 56048
  timestamp: 1722977241383
- kind: conda
  name: bzip2
  version: 1.0.8
  build: h4bc722e_7
  build_number: 7
  subdir: linux-64
  url: https://conda.anaconda.org/conda-forge/linux-64/bzip2-1.0.8-h4bc722e_7.conda
  sha256: 5ced96500d945fb286c9c838e54fa759aa04a7129c59800f0846b4335cee770d
  md5: 62ee74e96c5ebb0af99386de58cf9553
  depends:
  - __glibc >=2.17,<3.0.a0
  - libgcc-ng >=12
  license: bzip2-1.0.6
  license_family: BSD
  purls: []
  size: 252783
  timestamp: 1720974456583
- kind: conda
  name: ca-certificates
  version: 2024.8.30
  build: hbcca054_0
  subdir: linux-64
  url: https://conda.anaconda.org/conda-forge/linux-64/ca-certificates-2024.8.30-hbcca054_0.conda
  sha256: afee721baa6d988e27fef1832f68d6f32ac8cc99cdf6015732224c2841a09cea
  md5: c27d1c142233b5bc9ca570c6e2e0c244
  license: ISC
  purls: []
  size: 159003
  timestamp: 1725018903918
- kind: conda
  name: einops
  version: 0.8.0
  build: pyhd8ed1ab_0
  subdir: noarch
  noarch: python
  url: https://conda.anaconda.org/conda-forge/noarch/einops-0.8.0-pyhd8ed1ab_0.conda
  sha256: 8f706a97a658e5c3c037cc8456819f22e6b87efef85394a0c24574424e890cdc
  md5: 6f8dfe6d33eeda92e9ecc2b8bda06c94
  depends:
  - python >=3.8
  license: MIT
  license_family: MIT
  purls:
  - pkg:pypi/einops?source=hash-mapping
  size: 40293
  timestamp: 1714285282316
- kind: conda
  name: frozenlist
  version: 1.5.0
  build: py313h536fd9c_0
  subdir: linux-64
  url: https://conda.anaconda.org/conda-forge/linux-64/frozenlist-1.5.0-py313h536fd9c_0.conda
  sha256: 38136fdefb390a07fc336775e6aa6eb7e44c6814b8e3f7e3a761196b67fe2dfe
  md5: 3ad7099c0d0910590953d7e2e7abec4b
  depends:
  - __glibc >=2.17,<3.0.a0
  - libgcc >=13
  - python >=3.13,<3.14.0a0
  - python_abi 3.13.* *_cp313
  license: Apache-2.0
  license_family: APACHE
  purls:
  - pkg:pypi/frozenlist?source=hash-mapping
  size: 59439
  timestamp: 1729699619144
- kind: conda
  name: idna
  version: '3.10'
  build: pyhd8ed1ab_0
  subdir: noarch
  noarch: python
  url: https://conda.anaconda.org/conda-forge/noarch/idna-3.10-pyhd8ed1ab_0.conda
  sha256: 8c57fd68e6be5eecba4462e983aed7e85761a519aab80e834bbd7794d4b545b2
  md5: 7ba2ede0e7c795ff95088daf0dc59753
  depends:
  - python >=3.6
  license: BSD-3-Clause
  license_family: BSD
  purls:
  - pkg:pypi/idna?source=hash-mapping
  size: 49837
  timestamp: 1726459583613
- kind: conda
  name: jaxtyping
  version: 0.2.36
  build: pyhd8ed1ab_0
  subdir: noarch
  noarch: python
  url: https://conda.anaconda.org/conda-forge/noarch/jaxtyping-0.2.36-pyhd8ed1ab_0.conda
  sha256: 5f92019b69d0fc1cf89ea831eb700829ad84ca0f493a87256c6e230ce7112e95
  md5: 2cd841c498df27467e7c44ac55d55ca3
  depends:
  - python >=3.9
  - typeguard 2.13.3
  license: MIT
  license_family: MIT
  purls:
  - pkg:pypi/jaxtyping?source=hash-mapping
  size: 47289
  timestamp: 1732037818999
- kind: conda
  name: keyutils
  version: 1.6.1
  build: h166bdaf_0
  subdir: linux-64
  url: https://conda.anaconda.org/conda-forge/linux-64/keyutils-1.6.1-h166bdaf_0.tar.bz2
  sha256: 150c05a6e538610ca7c43beb3a40d65c90537497a4f6a5f4d15ec0451b6f5ebb
  md5: 30186d27e2c9fa62b45fb1476b7200e3
  depends:
  - libgcc-ng >=10.3.0
  license: LGPL-2.1-or-later
  purls: []
  size: 117831
  timestamp: 1646151697040
- kind: conda
  name: krb5
  version: 1.21.3
  build: h659f571_0
  subdir: linux-64
  url: https://conda.anaconda.org/conda-forge/linux-64/krb5-1.21.3-h659f571_0.conda
  sha256: 99df692f7a8a5c27cd14b5fb1374ee55e756631b9c3d659ed3ee60830249b238
  md5: 3f43953b7d3fb3aaa1d0d0723d91e368
  depends:
  - keyutils >=1.6.1,<2.0a0
  - libedit >=3.1.20191231,<3.2.0a0
  - libedit >=3.1.20191231,<4.0a0
  - libgcc-ng >=12
  - libstdcxx-ng >=12
  - openssl >=3.3.1,<4.0a0
  license: MIT
  license_family: MIT
  purls: []
  size: 1370023
  timestamp: 1719463201255
- kind: conda
  name: ld_impl_linux-64
  version: '2.43'
  build: h712a8e2_2
  build_number: 2
  subdir: linux-64
  url: https://conda.anaconda.org/conda-forge/linux-64/ld_impl_linux-64-2.43-h712a8e2_2.conda
  sha256: 7c91cea91b13f4314d125d1bedb9d03a29ebbd5080ccdea70260363424646dbe
  md5: 048b02e3962f066da18efe3a21b77672
  depends:
  - __glibc >=2.17,<3.0.a0
  constrains:
  - binutils_impl_linux-64 2.43
  license: GPL-3.0-only
  license_family: GPL
  purls: []
  size: 669211
  timestamp: 1729655358674
- kind: conda
  name: libblas
  version: 3.9.0
  build: 25_linux64_openblas
  build_number: 25
  subdir: linux-64
  url: https://conda.anaconda.org/conda-forge/linux-64/libblas-3.9.0-25_linux64_openblas.conda
  sha256: d6d12dc437d060f838820e9e61bf73baab651f91935ac594cf10beb9ef1b4450
  md5: 8ea26d42ca88ec5258802715fe1ee10b
  depends:
  - libopenblas >=0.3.28,<0.3.29.0a0
  - libopenblas >=0.3.28,<1.0a0
  constrains:
  - liblapack 3.9.0 25_linux64_openblas
  - libcblas 3.9.0 25_linux64_openblas
  - blas * openblas
  - liblapacke 3.9.0 25_linux64_openblas
  license: BSD-3-Clause
  license_family: BSD
  purls: []
  size: 15677
  timestamp: 1729642900350
- kind: conda
  name: libcblas
  version: 3.9.0
  build: 25_linux64_openblas
  build_number: 25
  subdir: linux-64
  url: https://conda.anaconda.org/conda-forge/linux-64/libcblas-3.9.0-25_linux64_openblas.conda
  sha256: ab87b0477078837c91d9cda62a9faca18fba7c57cc77aa779ae24b3ac783b5dd
  md5: 5dbd1b0fc0d01ec5e0e1fbe667281a11
  depends:
  - libblas 3.9.0 25_linux64_openblas
  constrains:
  - liblapack 3.9.0 25_linux64_openblas
  - blas * openblas
  - liblapacke 3.9.0 25_linux64_openblas
  license: BSD-3-Clause
  license_family: BSD
  purls: []
  size: 15613
  timestamp: 1729642905619
- kind: conda
  name: libedit
  version: 3.1.20191231
  build: he28a2e2_2
  build_number: 2
  subdir: linux-64
  url: https://conda.anaconda.org/conda-forge/linux-64/libedit-3.1.20191231-he28a2e2_2.tar.bz2
  sha256: a57d37c236d8f7c886e01656f4949d9dcca131d2a0728609c6f7fa338b65f1cf
  md5: 4d331e44109e3f0e19b4cb8f9b82f3e1
  depends:
  - libgcc-ng >=7.5.0
  - ncurses >=6.2,<7.0.0a0
  license: BSD-2-Clause
  license_family: BSD
  purls: []
  size: 123878
  timestamp: 1597616541093
- kind: conda
  name: libexpat
  version: 2.6.4
  build: h5888daf_0
  subdir: linux-64
  url: https://conda.anaconda.org/conda-forge/linux-64/libexpat-2.6.4-h5888daf_0.conda
  sha256: 56541b98447b58e52d824bd59d6382d609e11de1f8adf20b23143e353d2b8d26
  md5: db833e03127376d461e1e13e76f09b6c
  depends:
  - __glibc >=2.17,<3.0.a0
  - libgcc >=13
  constrains:
  - expat 2.6.4.*
  license: MIT
  license_family: MIT
  purls: []
  size: 73304
  timestamp: 1730967041968
- kind: conda
  name: libffi
  version: 3.4.2
  build: h7f98852_5
  build_number: 5
  subdir: linux-64
  url: https://conda.anaconda.org/conda-forge/linux-64/libffi-3.4.2-h7f98852_5.tar.bz2
  sha256: ab6e9856c21709b7b517e940ae7028ae0737546122f83c2aa5d692860c3b149e
  md5: d645c6d2ac96843a2bfaccd2d62b3ac3
  depends:
  - libgcc-ng >=9.4.0
  license: MIT
  license_family: MIT
  purls: []
  size: 58292
  timestamp: 1636488182923
- kind: conda
  name: libgcc
  version: 14.2.0
  build: h77fa898_1
  build_number: 1
  subdir: linux-64
  url: https://conda.anaconda.org/conda-forge/linux-64/libgcc-14.2.0-h77fa898_1.conda
  sha256: 53eb8a79365e58849e7b1a068d31f4f9e718dc938d6f2c03e960345739a03569
  md5: 3cb76c3f10d3bc7f1105b2fc9db984df
  depends:
  - _libgcc_mutex 0.1 conda_forge
  - _openmp_mutex >=4.5
  constrains:
  - libgomp 14.2.0 h77fa898_1
  - libgcc-ng ==14.2.0=*_1
  license: GPL-3.0-only WITH GCC-exception-3.1
  license_family: GPL
  purls: []
  size: 848745
  timestamp: 1729027721139
- kind: conda
  name: libgcc-ng
  version: 14.2.0
  build: h69a702a_1
  build_number: 1
  subdir: linux-64
  url: https://conda.anaconda.org/conda-forge/linux-64/libgcc-ng-14.2.0-h69a702a_1.conda
  sha256: 3a76969c80e9af8b6e7a55090088bc41da4cffcde9e2c71b17f44d37b7cb87f7
  md5: e39480b9ca41323497b05492a63bc35b
  depends:
  - libgcc 14.2.0 h77fa898_1
  license: GPL-3.0-only WITH GCC-exception-3.1
  license_family: GPL
  purls: []
  size: 54142
  timestamp: 1729027726517
- kind: conda
  name: libgfortran
  version: 14.2.0
  build: h69a702a_1
  build_number: 1
  subdir: linux-64
  url: https://conda.anaconda.org/conda-forge/linux-64/libgfortran-14.2.0-h69a702a_1.conda
  sha256: fc9e7f22a17faf74da904ebfc4d88699013d2992e55505e4aa0eb01770290977
  md5: f1fd30127802683586f768875127a987
  depends:
  - libgfortran5 14.2.0 hd5240d6_1
  constrains:
  - libgfortran-ng ==14.2.0=*_1
  license: GPL-3.0-only WITH GCC-exception-3.1
  license_family: GPL
  purls: []
  size: 53997
  timestamp: 1729027752995
- kind: conda
  name: libgfortran5
  version: 14.2.0
  build: hd5240d6_1
  build_number: 1
  subdir: linux-64
  url: https://conda.anaconda.org/conda-forge/linux-64/libgfortran5-14.2.0-hd5240d6_1.conda
  sha256: d149a37ca73611e425041f33b9d8dbed6e52ec506fe8cc1fc0ee054bddeb6d5d
  md5: 9822b874ea29af082e5d36098d25427d
  depends:
  - libgcc >=14.2.0
  constrains:
  - libgfortran 14.2.0
  license: GPL-3.0-only WITH GCC-exception-3.1
  license_family: GPL
  purls: []
  size: 1462645
  timestamp: 1729027735353
- kind: conda
  name: libgomp
  version: 14.2.0
  build: h77fa898_1
  build_number: 1
  subdir: linux-64
  url: https://conda.anaconda.org/conda-forge/linux-64/libgomp-14.2.0-h77fa898_1.conda
  sha256: 1911c29975ec99b6b906904040c855772ccb265a1c79d5d75c8ceec4ed89cd63
  md5: cc3573974587f12dda90d96e3e55a702
  depends:
  - _libgcc_mutex 0.1 conda_forge
  license: GPL-3.0-only WITH GCC-exception-3.1
  license_family: GPL
  purls: []
  size: 460992
  timestamp: 1729027639220
- kind: conda
  name: liblapack
  version: 3.9.0
  build: 25_linux64_openblas
  build_number: 25
  subdir: linux-64
  url: https://conda.anaconda.org/conda-forge/linux-64/liblapack-3.9.0-25_linux64_openblas.conda
  sha256: 9d1ff017714edb2d84868f0f931a4a0e7c289a971062b2ac66cfc8145df7e20e
  md5: 4dc03a53fc69371a6158d0ed37214cd3
  depends:
  - libblas 3.9.0 25_linux64_openblas
  constrains:
  - liblapacke 3.9.0 25_linux64_openblas
  - libcblas 3.9.0 25_linux64_openblas
  - blas * openblas
  license: BSD-3-Clause
  license_family: BSD
  purls: []
  size: 15608
  timestamp: 1729642910812
- kind: conda
  name: libmpdec
  version: 4.0.0
  build: h4bc722e_0
  subdir: linux-64
  url: https://conda.anaconda.org/conda-forge/linux-64/libmpdec-4.0.0-h4bc722e_0.conda
  sha256: d02d1d3304ecaf5c728e515eb7416517a0b118200cd5eacbe829c432d1664070
  md5: aeb98fdeb2e8f25d43ef71fbacbeec80
  depends:
  - __glibc >=2.17,<3.0.a0
  - libgcc-ng >=12
  license: BSD-2-Clause
  license_family: BSD
  purls: []
  size: 89991
  timestamp: 1723817448345
- kind: conda
  name: libopenblas
  version: 0.3.28
  build: pthreads_h94d23a6_1
  build_number: 1
  subdir: linux-64
  url: https://conda.anaconda.org/conda-forge/linux-64/libopenblas-0.3.28-pthreads_h94d23a6_1.conda
  sha256: 99ba271d8a80a1af2723f2e124ffd91d850074c0389c067e6d96d72a2dbfeabe
  md5: 62857b389e42b36b686331bec0922050
  depends:
  - __glibc >=2.17,<3.0.a0
  - libgcc >=14
  - libgfortran
  - libgfortran5 >=14.2.0
  constrains:
  - openblas >=0.3.28,<0.3.29.0a0
  license: BSD-3-Clause
  license_family: BSD
  purls: []
  size: 5578513
  timestamp: 1730772671118
- kind: conda
  name: libsodium
  version: 1.0.20
  build: h4ab18f5_0
  subdir: linux-64
  url: https://conda.anaconda.org/conda-forge/linux-64/libsodium-1.0.20-h4ab18f5_0.conda
  sha256: 0105bd108f19ea8e6a78d2d994a6d4a8db16d19a41212070d2d1d48a63c34161
  md5: a587892d3c13b6621a6091be690dbca2
  depends:
  - libgcc-ng >=12
  license: ISC
  purls: []
  size: 205978
  timestamp: 1716828628198
- kind: conda
  name: libsqlite
  version: 3.47.0
  build: hadc24fc_1
  build_number: 1
  subdir: linux-64
  url: https://conda.anaconda.org/conda-forge/linux-64/libsqlite-3.47.0-hadc24fc_1.conda
  sha256: 8a9aadf996a2399f65b679c6e7f29139d5059f699c63e6d7b50e20db10c00508
  md5: b6f02b52a174e612e89548f4663ce56a
  depends:
  - __glibc >=2.17,<3.0.a0
  - libgcc >=13
  - libzlib >=1.3.1,<2.0a0
  license: Unlicense
  purls: []
  size: 875349
  timestamp: 1730208050020
- kind: conda
  name: libstdcxx
  version: 14.2.0
  build: hc0a3c3a_1
  build_number: 1
  subdir: linux-64
  url: https://conda.anaconda.org/conda-forge/linux-64/libstdcxx-14.2.0-hc0a3c3a_1.conda
  sha256: 4661af0eb9bdcbb5fb33e5d0023b001ad4be828fccdcc56500059d56f9869462
  md5: 234a5554c53625688d51062645337328
  depends:
  - libgcc 14.2.0 h77fa898_1
  license: GPL-3.0-only WITH GCC-exception-3.1
  license_family: GPL
  purls: []
  size: 3893695
  timestamp: 1729027746910
- kind: conda
  name: libstdcxx-ng
  version: 14.2.0
  build: h4852527_1
  build_number: 1
  subdir: linux-64
  url: https://conda.anaconda.org/conda-forge/linux-64/libstdcxx-ng-14.2.0-h4852527_1.conda
  sha256: 25bb30b827d4f6d6f0522cc0579e431695503822f144043b93c50237017fffd8
  md5: 8371ac6457591af2cf6159439c1fd051
  depends:
  - libstdcxx 14.2.0 hc0a3c3a_1
  license: GPL-3.0-only WITH GCC-exception-3.1
  license_family: GPL
  purls: []
  size: 54105
  timestamp: 1729027780628
- kind: conda
  name: libuuid
  version: 2.38.1
  build: h0b41bf4_0
  subdir: linux-64
  url: https://conda.anaconda.org/conda-forge/linux-64/libuuid-2.38.1-h0b41bf4_0.conda
  sha256: 787eb542f055a2b3de553614b25f09eefb0a0931b0c87dbcce6efdfd92f04f18
  md5: 40b61aab5c7ba9ff276c41cfffe6b80b
  depends:
  - libgcc-ng >=12
  license: BSD-3-Clause
  license_family: BSD
  purls: []
  size: 33601
  timestamp: 1680112270483
- kind: conda
  name: libzlib
  version: 1.3.1
  build: hb9d3cd8_2
  build_number: 2
  subdir: linux-64
  url: https://conda.anaconda.org/conda-forge/linux-64/libzlib-1.3.1-hb9d3cd8_2.conda
  sha256: d4bfe88d7cb447768e31650f06257995601f89076080e76df55e3112d4e47dc4
  md5: edb0dca6bc32e4f4789199455a1dbeb8
  depends:
  - __glibc >=2.17,<3.0.a0
  - libgcc >=13
  constrains:
  - zlib 1.3.1 *_2
  license: Zlib
  license_family: Other
  purls: []
  size: 60963
  timestamp: 1727963148474
- kind: conda
  name: multidict
  version: 6.1.0
  build: py313h8060acc_1
  build_number: 1
  subdir: linux-64
  url: https://conda.anaconda.org/conda-forge/linux-64/multidict-6.1.0-py313h8060acc_1.conda
  sha256: 1c6e924e98ebd31228321019592593117986953d2c9411d8641a0704d4186eeb
  md5: 79ea2a5ab0df0cf424af9686de3a7dca
  depends:
  - __glibc >=2.17,<3.0.a0
  - libgcc >=13
  - python >=3.13,<3.14.0a0
  - python_abi 3.13.* *_cp313
  license: Apache-2.0
  license_family: APACHE
  purls:
  - pkg:pypi/multidict?source=hash-mapping
  size: 62047
  timestamp: 1729065661753
- kind: conda
  name: ncurses
  version: '6.5'
  build: he02047a_1
  build_number: 1
  subdir: linux-64
  url: https://conda.anaconda.org/conda-forge/linux-64/ncurses-6.5-he02047a_1.conda
  sha256: 6a1d5d8634c1a07913f1c525db6455918cbc589d745fac46d9d6e30340c8731a
  md5: 70caf8bb6cf39a0b6b7efc885f51c0fe
  depends:
  - __glibc >=2.17,<3.0.a0
  - libgcc-ng >=12
  license: X11 AND BSD-3-Clause
  purls: []
  size: 889086
  timestamp: 1724658547447
- kind: conda
  name: numpy
  version: 2.1.3
  build: py313h4bf6692_0
  subdir: linux-64
  url: https://conda.anaconda.org/conda-forge/linux-64/numpy-2.1.3-py313h4bf6692_0.conda
  sha256: e2e7451083c143cd61227d663e55712a7432239e9a9c758db0b66a26bc89a7f8
  md5: 17bcf851cceab793dad11ab8089d4bc4
  depends:
  - __glibc >=2.17,<3.0.a0
  - libblas >=3.9.0,<4.0a0
  - libcblas >=3.9.0,<4.0a0
  - libgcc >=13
  - liblapack >=3.9.0,<4.0a0
  - libstdcxx >=13
  - python >=3.13,<3.14.0a0
  - python_abi 3.13.* *_cp313
  constrains:
  - numpy-base <0a0
  license: BSD-3-Clause
  license_family: BSD
  purls:
  - pkg:pypi/numpy?source=hash-mapping
  size: 8404824
  timestamp: 1730588549941
- kind: conda
  name: omegaconf
  version: 2.3.0
  build: pyhd8ed1ab_0
  subdir: noarch
  noarch: python
  url: https://conda.anaconda.org/conda-forge/noarch/omegaconf-2.3.0-pyhd8ed1ab_0.conda
  sha256: df806841be847e5287b22b6ae7f380874f81ea51f1b51ae14a570f3385c7b133
  md5: 23cc056834cab53849b91f78d6ee3ea0
  depends:
  - antlr-python-runtime 4.9.*
  - python >=3.7
  - pyyaml >=5.1.0
  - typing_extensions
  license: BSD-3-Clause
  license_family: BSD
  purls:
  - pkg:pypi/omegaconf?source=hash-mapping
  size: 166453
  timestamp: 1670575519562
- kind: pypi
  name: opencv-python
  version: 4.10.0.84
  url: https://files.pythonhosted.org/packages/3f/a4/d2537f47fd7fcfba966bd806e3ec18e7ee1681056d4b0a9c8d983983e4d5/opencv_python-4.10.0.84-cp37-abi3-manylinux_2_17_x86_64.manylinux2014_x86_64.whl
  sha256: 9ace140fc6d647fbe1c692bcb2abce768973491222c067c131d80957c595b71f
  requires_dist:
  - numpy>=1.13.3 ; python_full_version < '3.7'
  - numpy>=1.21.0 ; python_full_version < '3.10' and platform_machine == 'arm64' and platform_system == 'Darwin'
  - numpy>=1.21.2 ; python_full_version >= '3.10'
  - numpy>=1.21.4 ; python_full_version >= '3.10' and platform_system == 'Darwin'
  - numpy>=1.23.5 ; python_full_version >= '3.11'
  - numpy>=1.26.0 ; python_full_version >= '3.12'
  - numpy>=1.19.3 ; python_full_version >= '3.6' and platform_machine == 'aarch64' and platform_system == 'Linux'
  - numpy>=1.17.0 ; python_full_version >= '3.7'
  - numpy>=1.17.3 ; python_full_version >= '3.8'
  - numpy>=1.19.3 ; python_full_version >= '3.9'
  requires_python: '>=3.6'
- kind: conda
  name: openssl
  version: 3.4.0
  build: hb9d3cd8_0
  subdir: linux-64
  url: https://conda.anaconda.org/conda-forge/linux-64/openssl-3.4.0-hb9d3cd8_0.conda
  sha256: 814b9dff1847b132c676ee6cc1a8cb2d427320779b93e1b6d76552275c128705
  md5: 23cc74f77eb99315c0360ec3533147a9
  depends:
  - __glibc >=2.17,<3.0.a0
  - ca-certificates
  - libgcc >=13
  license: Apache-2.0
  license_family: Apache
  purls: []
  size: 2947466
  timestamp: 1731377666602
- kind: conda
  name: propcache
  version: 0.2.0
  build: py313h536fd9c_2
  build_number: 2
  subdir: linux-64
  url: https://conda.anaconda.org/conda-forge/linux-64/propcache-0.2.0-py313h536fd9c_2.conda
  sha256: fab4a533faca952a2faa63e2a5c56f700fbdaf101f8dccd80c9019cc21c5e914
  md5: 53b84f375773a4feaf37e868ab8ce02b
  depends:
  - __glibc >=2.17,<3.0.a0
  - libgcc >=13
  - python >=3.13,<3.14.0a0
  - python_abi 3.13.* *_cp313
  license: Apache-2.0
  license_family: APACHE
  purls:
  - pkg:pypi/propcache?source=hash-mapping
  size: 52786
  timestamp: 1728545926163
- kind: conda
  name: pymodbus
  version: 3.7.4
  build: pyh5041855_0
  subdir: noarch
  noarch: python
  url: https://conda.anaconda.org/conda-forge/noarch/pymodbus-3.7.4-pyh5041855_0.conda
  sha256: 370f2a6881daf4687bbef84dc7a4d85690360a6c5ca0d2823f4c4abb9657ed36
  md5: 330a2d4d4793709669746d7365adc738
  depends:
  - aiohttp >=3.8.6
  - pyserial >=3.5
  - python >=3.9
  license: BSD-3-Clause
  license_family: BSD
  purls:
  - pkg:pypi/pymodbus?source=hash-mapping
  size: 142517
  timestamp: 1729676657588
- kind: conda
  name: pyserial
  version: '3.5'
  build: pyhd8ed1ab_0
  subdir: noarch
  noarch: python
  url: https://conda.anaconda.org/conda-forge/noarch/pyserial-3.5-pyhd8ed1ab_0.tar.bz2
  sha256: 8f2cae847359a42b2d702537816fe307d0cf2d810fc93af4361d3e7d4b54cf14
  md5: 55909727c94d1cb82fed1ee41ddd8423
  depends:
  - python >=2
  license: BSD-3-Clause
  license_family: BSD
  purls:
  - pkg:pypi/pyserial?source=hash-mapping
  size: 65964
  timestamp: 1606128757003
- kind: conda
  name: python
  version: 3.13.0
  build: h9ebbce0_100_cp313
  build_number: 100
  subdir: linux-64
  url: https://conda.anaconda.org/conda-forge/linux-64/python-3.13.0-h9ebbce0_100_cp313.conda
  sha256: 6ab5179679f0909db828d8316f3b8b379014a82404807310fe7df5a6cf303646
  md5: 08e9aef080f33daeb192b2ddc7e4721f
  depends:
  - __glibc >=2.17,<3.0.a0
  - bzip2 >=1.0.8,<2.0a0
  - ld_impl_linux-64 >=2.36.1
  - libexpat >=2.6.3,<3.0a0
  - libffi >=3.4,<4.0a0
  - libgcc >=13
  - libmpdec >=4.0.0,<5.0a0
  - libsqlite >=3.46.1,<4.0a0
  - libuuid >=2.38.1,<3.0a0
  - libzlib >=1.3.1,<2.0a0
  - ncurses >=6.5,<7.0a0
  - openssl >=3.3.2,<4.0a0
  - python_abi 3.13.* *_cp313
  - readline >=8.2,<9.0a0
  - tk >=8.6.13,<8.7.0a0
  - tzdata
  - xz >=5.2.6,<6.0a0
  license: Python-2.0
  purls: []
  size: 33112481
  timestamp: 1728419573472
- kind: conda
  name: python_abi
  version: '3.13'
  build: 5_cp313
  build_number: 5
  subdir: linux-64
  url: https://conda.anaconda.org/conda-forge/linux-64/python_abi-3.13-5_cp313.conda
  sha256: 438225b241c5f9bddae6f0178a97f5870a89ecf927dfca54753e689907331442
  md5: 381bbd2a92c863f640a55b6ff3c35161
  constrains:
  - python 3.13.* *_cp313
  license: BSD-3-Clause
  license_family: BSD
  purls: []
  size: 6217
  timestamp: 1723823393322
- kind: conda
  name: pyyaml
  version: 6.0.2
  build: py313h536fd9c_1
  build_number: 1
  subdir: linux-64
  url: https://conda.anaconda.org/conda-forge/linux-64/pyyaml-6.0.2-py313h536fd9c_1.conda
  sha256: 86ae34bf2bab82c0fff2e31a37318c8977297776436df780a83c6efa5f84749d
  md5: 3789f360de131c345e96fbfc955ca80b
  depends:
  - __glibc >=2.17,<3.0.a0
  - libgcc >=13
  - python >=3.13.0rc1,<3.14.0a0
  - python_abi 3.13.* *_cp313
  - yaml >=0.2.5,<0.3.0a0
  license: MIT
  license_family: MIT
  purls:
  - pkg:pypi/pyyaml?source=hash-mapping
  size: 205855
  timestamp: 1725456273924
- kind: conda
  name: pyzmq
  version: 26.2.0
  build: py313h8e95178_3
  build_number: 3
  subdir: linux-64
  url: https://conda.anaconda.org/conda-forge/linux-64/pyzmq-26.2.0-py313h8e95178_3.conda
  sha256: 0b26fe1cf10d3511b1ef72faedebfe57256e464a51d23e07153f09c6300ec42c
  md5: 8ab50c9c9c3824ac0ffac9e9dcf5619e
  depends:
  - __glibc >=2.17,<3.0.a0
  - libgcc >=13
  - libsodium >=1.0.20,<1.0.21.0a0
  - libstdcxx >=13
  - python >=3.13,<3.14.0a0
  - python_abi 3.13.* *_cp313
  - zeromq >=4.3.5,<4.4.0a0
  license: BSD-3-Clause
  license_family: BSD
  purls:
  - pkg:pypi/pyzmq?source=hash-mapping
  size: 384582
  timestamp: 1728642439746
- kind: conda
  name: readline
  version: '8.2'
  build: h8228510_1
  build_number: 1
  subdir: linux-64
  url: https://conda.anaconda.org/conda-forge/linux-64/readline-8.2-h8228510_1.conda
  sha256: 5435cf39d039387fbdc977b0a762357ea909a7694d9528ab40f005e9208744d7
  md5: 47d31b792659ce70f470b5c82fdfb7a4
  depends:
  - libgcc-ng >=12
  - ncurses >=6.3,<7.0a0
  license: GPL-3.0-only
  license_family: GPL
  purls: []
  size: 281456
  timestamp: 1679532220005
- kind: conda
  name: tk
  version: 8.6.13
  build: noxft_h4845f30_101
  build_number: 101
  subdir: linux-64
  url: https://conda.anaconda.org/conda-forge/linux-64/tk-8.6.13-noxft_h4845f30_101.conda
  sha256: e0569c9caa68bf476bead1bed3d79650bb080b532c64a4af7d8ca286c08dea4e
  md5: d453b98d9c83e71da0741bb0ff4d76bc
  depends:
  - libgcc-ng >=12
  - libzlib >=1.2.13,<2.0.0a0
  license: TCL
  license_family: BSD
  purls: []
  size: 3318875
  timestamp: 1699202167581
- kind: conda
  name: typeguard
  version: 2.13.3
  build: pyhd8ed1ab_0
  subdir: noarch
  noarch: python
  url: https://conda.anaconda.org/conda-forge/noarch/typeguard-2.13.3-pyhd8ed1ab_0.tar.bz2
  sha256: 5e6a3b92c4f99b7b51c646669ad9dbffd307a788fda0001dc82476de8e67ad67
  md5: af104e581c40c72813864454962e1795
  depends:
  - python >=3.4
  license: MIT
  license_family: MIT
  purls:
  - pkg:pypi/typeguard?source=hash-mapping
  size: 19655
  timestamp: 1658932205516
- kind: conda
  name: typing_extensions
  version: 4.12.2
  build: pyha770c72_0
  subdir: noarch
  noarch: python
  url: https://conda.anaconda.org/conda-forge/noarch/typing_extensions-4.12.2-pyha770c72_0.conda
  sha256: 0fce54f8ec3e59f5ef3bb7641863be4e1bf1279623e5af3d3fa726e8f7628ddb
  md5: ebe6952715e1d5eb567eeebf25250fa7
  depends:
  - python >=3.8
  license: PSF-2.0
  license_family: PSF
  purls:
  - pkg:pypi/typing-extensions?source=hash-mapping
  size: 39888
  timestamp: 1717802653893
- kind: conda
  name: tzdata
  version: 2024b
  build: hc8b5060_0
  subdir: noarch
  noarch: generic
  url: https://conda.anaconda.org/conda-forge/noarch/tzdata-2024b-hc8b5060_0.conda
  sha256: 4fde5c3008bf5d2db82f2b50204464314cc3c91c1d953652f7bd01d9e52aefdf
  md5: 8ac3367aafb1cc0a068483c580af8015
  license: LicenseRef-Public-Domain
  purls: []
  size: 122354
  timestamp: 1728047496079
- kind: pypi
  name: ur-rtde
  version: 1.5.9
  url: https://files.pythonhosted.org/packages/24/c7/e0c7742fe7d85cde25555e316e6eb4154ce6cdb0a036526e6a85c41ee06e/ur_rtde-1.5.9.tar.gz
  sha256: 778750ef7062782c34d5af4d50016fbb49e3d94775a0391911bd4233de1a4c4b
- kind: conda
  name: xz
  version: 5.2.6
  build: h166bdaf_0
  subdir: linux-64
  url: https://conda.anaconda.org/conda-forge/linux-64/xz-5.2.6-h166bdaf_0.tar.bz2
  sha256: 03a6d28ded42af8a347345f82f3eebdd6807a08526d47899a42d62d319609162
  md5: 2161070d867d1b1204ea749c8eec4ef0
  depends:
  - libgcc-ng >=12
  license: LGPL-2.1 and GPL-2.0
  purls: []
  size: 418368
  timestamp: 1660346797927
- kind: conda
  name: yaml
  version: 0.2.5
  build: h7f98852_2
  build_number: 2
  subdir: linux-64
  url: https://conda.anaconda.org/conda-forge/linux-64/yaml-0.2.5-h7f98852_2.tar.bz2
  sha256: a4e34c710eeb26945bdbdaba82d3d74f60a78f54a874ec10d373811a5d217535
  md5: 4cb3ad778ec2d5a7acbdf254eb1c42ae
  depends:
  - libgcc-ng >=9.4.0
  license: MIT
  license_family: MIT
  purls: []
  size: 89141
  timestamp: 1641346969816
- kind: conda
  name: yarl
  version: 1.18.0
  build: py313h536fd9c_0
  subdir: linux-64
  url: https://conda.anaconda.org/conda-forge/linux-64/yarl-1.18.0-py313h536fd9c_0.conda
  sha256: 712f91f535568ee214103930f5dc18da5eca5ca7db8c94ed2362f43465931d91
  md5: 48ce8a4b0808a6a9b437ecfabe0f877d
  depends:
  - __glibc >=2.17,<3.0.a0
  - idna >=2.0
  - libgcc >=13
  - multidict >=4.0
  - propcache >=0.2.0
  - python >=3.13,<3.14.0a0
  - python_abi 3.13.* *_cp313
  license: Apache-2.0
  license_family: Apache
  purls:
  - pkg:pypi/yarl?source=hash-mapping
  size: 151236
  timestamp: 1732220983957
- kind: conda
  name: zeromq
  version: 4.3.5
  build: h3b0a872_7
  build_number: 7
  subdir: linux-64
  url: https://conda.anaconda.org/conda-forge/linux-64/zeromq-4.3.5-h3b0a872_7.conda
  sha256: a4dc72c96848f764bb5a5176aa93dd1e9b9e52804137b99daeebba277b31ea10
  md5: 3947a35e916fcc6b9825449affbf4214
  depends:
  - __glibc >=2.17,<3.0.a0
  - krb5 >=1.21.3,<1.22.0a0
  - libgcc >=13
  - libsodium >=1.0.20,<1.0.21.0a0
  - libstdcxx >=13
  license: MPL-2.0
  license_family: MOZILLA
  purls: []
  size: 335400
  timestamp: 1731585026517
